
Microsoft Visual Studio Solution File, Format Version 12.00
# Visual Studio Version 16
VisualStudioVersion = 16.0.30717.126
MinimumVisualStudioVersion = 10.0.40219.1
Project("{2150E333-8FDC-42A3-9474-1A3956D46DE8}") = "1.API", "1.API", "{ACBDD7A0-3EF0-421F-82BA-893DE493715B}"
EndProject
Project("{9A19103F-16F7-4668-BE54-9A1E7A4F7556}") = "API", "API\API.csproj", "{4E566ECF-8BBC-4D6B-A590-3CA845DD284A}"
EndProject
Project("{2150E333-8FDC-42A3-9474-1A3956D46DE8}") = "2.- Application", "2.- Application", "{EFA091E7-65AC-4B2A-837A-E26527FEB925}"
EndProject
Project("{9A19103F-16F7-4668-BE54-9A1E7A4F7556}") = "Application.Northwind", "Application.OxiServi\Application.Northwind.csproj", "{F5B919AB-A560-443C-8A5E-9EBB60E073F9}"
EndProject
Project("{2150E333-8FDC-42A3-9474-1A3956D46DE8}") = "3.Domain", "3.Domain", "{C6DC0201-40E8-42EB-814D-92C97E67BAB8}"
EndProject
Project("{9A19103F-16F7-4668-BE54-9A1E7A4F7556}") = "Domain.Northwind", "Domain.OxiServi\Domain.Northwind.csproj", "{591F219E-F330-42F2-BD5A-E952C7482D7A}"
EndProject
Project("{9A19103F-16F7-4668-BE54-9A1E7A4F7556}") = "Domain.Core.Northwind", "Domain.Core.OxiServi\Domain.Core.Northwind.csproj", "{45250E04-FC44-4423-B637-769FFB3DE78A}"
EndProject
Project("{2150E333-8FDC-42A3-9474-1A3956D46DE8}") = "4.Infra", "4.Infra", "{9C87EA2D-F468-4704-A915-637A165A51D8}"
EndProject
Project("{2150E333-8FDC-42A3-9474-1A3956D46DE8}") = "4.1.Persistence", "4.1.Persistence", "{CD316079-A6C2-4924-8217-9B13D357108B}"
EndProject
Project("{2150E333-8FDC-42A3-9474-1A3956D46DE8}") = "4.2.CrossCutting", "4.2.CrossCutting", "{512BAB79-E032-4A9D-91F6-C98AB7BCD8AC}"
EndProject
Project("{9A19103F-16F7-4668-BE54-9A1E7A4F7556}") = "CrossCutting.Utility.Northwind", "CrossCutting.Utility.OxiServi\CrossCutting.Utility.Northwind.csproj", "{B4EA98BD-192F-4690-BB16-DFBFE6437088}"
EndProject
Project("{9A19103F-16F7-4668-BE54-9A1E7A4F7556}") = "CrossCutting.Services.Northwind", "CrossCutting.Services.OxiServi\CrossCutting.Services.Northwind.csproj", "{BA04F4BB-7511-408E-92AE-7CB7C4748EF7}"
EndProject
Project("{9A19103F-16F7-4668-BE54-9A1E7A4F7556}") = "CrossCutting.IoC.Northwind", "CrossCutting.IoC.OxiServi\CrossCutting.IoC.Northwind.csproj", "{F31210CA-E290-4610-8479-FE937C49F7CB}"
EndProject
Project("{9A19103F-16F7-4668-BE54-9A1E7A4F7556}") = "Persistence.Northwind", "Persistence.OxiServi\Persistence.Northwind.csproj", "{D6192F71-FC8D-41EC-A8D6-71B898F123E4}"
EndProject
Global
	GlobalSection(SolutionConfigurationPlatforms) = preSolution
		Debug|Any CPU = Debug|Any CPU
		Release|Any CPU = Release|Any CPU
	EndGlobalSection
	GlobalSection(ProjectConfigurationPlatforms) = postSolution
		{4E566ECF-8BBC-4D6B-A590-3CA845DD284A}.Debug|Any CPU.ActiveCfg = Debug|Any CPU
		{4E566ECF-8BBC-4D6B-A590-3CA845DD284A}.Debug|Any CPU.Build.0 = Debug|Any CPU
		{4E566ECF-8BBC-4D6B-A590-3CA845DD284A}.Release|Any CPU.ActiveCfg = Release|Any CPU
		{4E566ECF-8BBC-4D6B-A590-3CA845DD284A}.Release|Any CPU.Build.0 = Release|Any CPU
		{F5B919AB-A560-443C-8A5E-9EBB60E073F9}.Debug|Any CPU.ActiveCfg = Debug|Any CPU
		{F5B919AB-A560-443C-8A5E-9EBB60E073F9}.Debug|Any CPU.Build.0 = Debug|Any CPU
		{F5B919AB-A560-443C-8A5E-9EBB60E073F9}.Release|Any CPU.ActiveCfg = Release|Any CPU
		{F5B919AB-A560-443C-8A5E-9EBB60E073F9}.Release|Any CPU.Build.0 = Release|Any CPU
		{591F219E-F330-42F2-BD5A-E952C7482D7A}.Debug|Any CPU.ActiveCfg = Debug|Any CPU
		{591F219E-F330-42F2-BD5A-E952C7482D7A}.Debug|Any CPU.Build.0 = Debug|Any CPU
		{591F219E-F330-42F2-BD5A-E952C7482D7A}.Release|Any CPU.ActiveCfg = Release|Any CPU
		{591F219E-F330-42F2-BD5A-E952C7482D7A}.Release|Any CPU.Build.0 = Release|Any CPU
		{45250E04-FC44-4423-B637-769FFB3DE78A}.Debug|Any CPU.ActiveCfg = Debug|Any CPU
		{45250E04-FC44-4423-B637-769FFB3DE78A}.Debug|Any CPU.Build.0 = Debug|Any CPU
		{45250E04-FC44-4423-B637-769FFB3DE78A}.Release|Any CPU.ActiveCfg = Release|Any CPU
		{45250E04-FC44-4423-B637-769FFB3DE78A}.Release|Any CPU.Build.0 = Release|Any CPU
		{B4EA98BD-192F-4690-BB16-DFBFE6437088}.Debug|Any CPU.ActiveCfg = Debug|Any CPU
		{B4EA98BD-192F-4690-BB16-DFBFE6437088}.Debug|Any CPU.Build.0 = Debug|Any CPU
		{B4EA98BD-192F-4690-BB16-DFBFE6437088}.Release|Any CPU.ActiveCfg = Release|Any CPU
		{B4EA98BD-192F-4690-BB16-DFBFE6437088}.Release|Any CPU.Build.0 = Release|Any CPU
		{BA04F4BB-7511-408E-92AE-7CB7C4748EF7}.Debug|Any CPU.ActiveCfg = Debug|Any CPU
		{BA04F4BB-7511-408E-92AE-7CB7C4748EF7}.Debug|Any CPU.Build.0 = Debug|Any CPU
		{BA04F4BB-7511-408E-92AE-7CB7C4748EF7}.Release|Any CPU.ActiveCfg = Release|Any CPU
		{BA04F4BB-7511-408E-92AE-7CB7C4748EF7}.Release|Any CPU.Build.0 = Release|Any CPU
		{F31210CA-E290-4610-8479-FE937C49F7CB}.Debug|Any CPU.ActiveCfg = Debug|Any CPU
		{F31210CA-E290-4610-8479-FE937C49F7CB}.Debug|Any CPU.Build.0 = Debug|Any CPU
		{F31210CA-E290-4610-8479-FE937C49F7CB}.Release|Any CPU.ActiveCfg = Release|Any CPU
		{F31210CA-E290-4610-8479-FE937C49F7CB}.Release|Any CPU.Build.0 = Release|Any CPU
		{D6192F71-FC8D-41EC-A8D6-71B898F123E4}.Debug|Any CPU.ActiveCfg = Debug|Any CPU
		{D6192F71-FC8D-41EC-A8D6-71B898F123E4}.Debug|Any CPU.Build.0 = Debug|Any CPU
		{D6192F71-FC8D-41EC-A8D6-71B898F123E4}.Release|Any CPU.ActiveCfg = Release|Any CPU
		{D6192F71-FC8D-41EC-A8D6-71B898F123E4}.Release|Any CPU.Build.0 = Release|Any CPU
	EndGlobalSection
	GlobalSection(SolutionProperties) = preSolution
		HideSolutionNode = FALSE
	EndGlobalSection
	GlobalSection(NestedProjects) = preSolution
		{4E566ECF-8BBC-4D6B-A590-3CA845DD284A} = {ACBDD7A0-3EF0-421F-82BA-893DE493715B}
		{F5B919AB-A560-443C-8A5E-9EBB60E073F9} = {EFA091E7-65AC-4B2A-837A-E26527FEB925}
		{591F219E-F330-42F2-BD5A-E952C7482D7A} = {C6DC0201-40E8-42EB-814D-92C97E67BAB8}
		{45250E04-FC44-4423-B637-769FFB3DE78A} = {C6DC0201-40E8-42EB-814D-92C97E67BAB8}
		{CD316079-A6C2-4924-8217-9B13D357108B} = {9C87EA2D-F468-4704-A915-637A165A51D8}
		{512BAB79-E032-4A9D-91F6-C98AB7BCD8AC} = {9C87EA2D-F468-4704-A915-637A165A51D8}
		{B4EA98BD-192F-4690-BB16-DFBFE6437088} = {512BAB79-E032-4A9D-91F6-C98AB7BCD8AC}
		{BA04F4BB-7511-408E-92AE-7CB7C4748EF7} = {512BAB79-E032-4A9D-91F6-C98AB7BCD8AC}
		{F31210CA-E290-4610-8479-FE937C49F7CB} = {512BAB79-E032-4A9D-91F6-C98AB7BCD8AC}
		{D6192F71-FC8D-41EC-A8D6-71B898F123E4} = {CD316079-A6C2-4924-8217-9B13D357108B}
	EndGlobalSection
	GlobalSection(ExtensibilityGlobals) = postSolution
		SolutionGuid = {5B354A25-CAEF-4A0B-91C9-ECB19B454EB4}
	EndGlobalSection
EndGlobal
